
Microsoft Visual Studio Solution File, Format Version 12.00
# Visual Studio Version 17
VisualStudioVersion = 17.9.34622.214
MinimumVisualStudioVersion = 10.0.40219.1
Project("{FAE04EC0-301F-11D3-BF4B-00C04F79EFBC}") = "SYSTEM", "SYSTEM\SYSTEM.csproj", "{1ADE7441-8735-4A00-AE80-3DA77C729E9B}"
EndProject
Global
	GlobalSection(SolutionConfigurationPlatforms) = preSolution
		Debug|Any CPU = Debug|Any CPU
		Release|Any CPU = Release|Any CPU
	EndGlobalSection
	GlobalSection(ProjectConfigurationPlatforms) = postSolution
		{1ADE7441-8735-4A00-AE80-3DA77C729E9B}.Debug|Any CPU.ActiveCfg = Debug|Any CPU
		{1ADE7441-8735-4A00-AE80-3DA77C729E9B}.Debug|Any CPU.Build.0 = Debug|Any CPU
		{1ADE7441-8735-4A00-AE80-3DA77C729E9B}.Release|Any CPU.ActiveCfg = Release|Any CPU
		{1ADE7441-8735-4A00-AE80-3DA77C729E9B}.Release|Any CPU.Build.0 = Release|Any CPU
	EndGlobalSection
	GlobalSection(SolutionProperties) = preSolution
		HideSolutionNode = FALSE
	EndGlobalSection
	GlobalSection(ExtensibilityGlobals) = postSolution
		SolutionGuid = {0A435C22-021F-4CD6-8535-F5C12944F349}
	EndGlobalSection
EndGlobal
